
Microsoft Visual Studio Solution File, Format Version 12.00
# Visual Studio 2012
Project("{FAE04EC0-301F-11D3-BF4B-00C04F79EFBC}") = "WordCounter", "WordCounter\WordCounter.csproj", "{8D9F4400-B97B-4F4A-947E-ECD97A7BBA2C}"
EndProject
Project("{FAE04EC0-301F-11D3-BF4B-00C04F79EFBC}") = "WordCounter.Tests", "WordCounter.Tests\WordCounter.Tests.csproj", "{EFA02F04-2B79-4426-B89C-7D102AA8D471}"
EndProject
Global
	GlobalSection(SolutionConfigurationPlatforms) = preSolution
		Debug|Any CPU = Debug|Any CPU
		Release|Any CPU = Release|Any CPU
	EndGlobalSection
	GlobalSection(ProjectConfigurationPlatforms) = postSolution
		{8D9F4400-B97B-4F4A-947E-ECD97A7BBA2C}.Debug|Any CPU.ActiveCfg = Debug|Any CPU
		{8D9F4400-B97B-4F4A-947E-ECD97A7BBA2C}.Debug|Any CPU.Build.0 = Debug|Any CPU
		{8D9F4400-B97B-4F4A-947E-ECD97A7BBA2C}.Release|Any CPU.ActiveCfg = Release|Any CPU
		{8D9F4400-B97B-4F4A-947E-ECD97A7BBA2C}.Release|Any CPU.Build.0 = Release|Any CPU
		{EFA02F04-2B79-4426-B89C-7D102AA8D471}.Debug|Any CPU.ActiveCfg = Debug|Any CPU
		{EFA02F04-2B79-4426-B89C-7D102AA8D471}.Debug|Any CPU.Build.0 = Debug|Any CPU
		{EFA02F04-2B79-4426-B89C-7D102AA8D471}.Release|Any CPU.ActiveCfg = Release|Any CPU
		{EFA02F04-2B79-4426-B89C-7D102AA8D471}.Release|Any CPU.Build.0 = Release|Any CPU
	EndGlobalSection
EndGlobal
